
Microsoft Visual Studio Solution File, Format Version 12.00
# Visual Studio Version 17
VisualStudioVersion = 17.0.31903.59
MinimumVisualStudioVersion = 10.0.40219.1
Project("{2150E333-8FDC-42A3-9474-1A3956D46DE8}") = "src", "src", "{367697C7-B636-42BC-97B4-E17ED40CAE8C}"
EndProject
Project("{FAE04EC0-301F-11D3-BF4B-00C04F79EFBC}") = "InstallerManager.App", "src\InstallerManager.App\InstallerManager.App.csproj", "{51BA2D4B-507C-4D8D-8819-228A5684A5BF}"
EndProject
Global
	GlobalSection(SolutionConfigurationPlatforms) = preSolution
		Debug|Any CPU = Debug|Any CPU
		Release|Any CPU = Release|Any CPU
	EndGlobalSection
	GlobalSection(SolutionProperties) = preSolution
		HideSolutionNode = FALSE
	EndGlobalSection
	GlobalSection(ProjectConfigurationPlatforms) = postSolution
		{51BA2D4B-507C-4D8D-8819-228A5684A5BF}.Debug|Any CPU.ActiveCfg = Debug|Any CPU
		{51BA2D4B-507C-4D8D-8819-228A5684A5BF}.Debug|Any CPU.Build.0 = Debug|Any CPU
		{51BA2D4B-507C-4D8D-8819-228A5684A5BF}.Release|Any CPU.ActiveCfg = Release|Any CPU
		{51BA2D4B-507C-4D8D-8819-228A5684A5BF}.Release|Any CPU.Build.0 = Release|Any CPU
	EndGlobalSection
	GlobalSection(NestedProjects) = preSolution
		{51BA2D4B-507C-4D8D-8819-228A5684A5BF} = {367697C7-B636-42BC-97B4-E17ED40CAE8C}
	EndGlobalSection
EndGlobal
